
Microsoft Visual Studio Solution File, Format Version 12.00
# Visual Studio 15
VisualStudioVersion = 15.0.28307.489
MinimumVisualStudioVersion = 10.0.40219.1
Project("{8BC9CEB8-8B4A-11D0-8D11-00A0C91BC942}") = "regex", "regex\regex.vcxproj", "{0DC574DE-A45D-4B59-A58C-97065AB9D833}"
EndProject
Global
	GlobalSection(SolutionConfigurationPlatforms) = preSolution
		Debug|x64 = Debug|x64
		Debug|x86 = Debug|x86
		Release|x64 = Release|x64
		Release|x86 = Release|x86
	EndGlobalSection
	GlobalSection(ProjectConfigurationPlatforms) = postSolution
		{0DC574DE-A45D-4B59-A58C-97065AB9D833}.Debug|x64.ActiveCfg = Debug|x64
		{0DC574DE-A45D-4B59-A58C-97065AB9D833}.Debug|x64.Build.0 = Debug|x64
		{0DC574DE-A45D-4B59-A58C-97065AB9D833}.Debug|x86.ActiveCfg = Debug|Win32
		{0DC574DE-A45D-4B59-A58C-97065AB9D833}.Debug|x86.Build.0 = Debug|Win32
		{0DC574DE-A45D-4B59-A58C-97065AB9D833}.Release|x64.ActiveCfg = Release|x64
		{0DC574DE-A45D-4B59-A58C-97065AB9D833}.Release|x64.Build.0 = Release|x64
		{0DC574DE-A45D-4B59-A58C-97065AB9D833}.Release|x86.ActiveCfg = Release|Win32
		{0DC574DE-A45D-4B59-A58C-97065AB9D833}.Release|x86.Build.0 = Release|Win32
	EndGlobalSection
	GlobalSection(SolutionProperties) = preSolution
		HideSolutionNode = FALSE
	EndGlobalSection
	GlobalSection(ExtensibilityGlobals) = postSolution
		SolutionGuid = {0F3F7051-D3FA-45DD-89B0-7F3B7B9F725A}
	EndGlobalSection
EndGlobal
